{
  "name": "kafka-debug",
  "version": "1.0.0",
  "lockfileVersion": 2,
  "requires": true,
  "packages": {
    "": {
      "version": "1.0.0",
      "license": "ISC",
      "dependencies": {
        "arg": "^4.1.3",
        "kafkajs": "^1.14.0"
      }
    },
    "node_modules/arg": {
      "version": "4.1.3",
      "resolved": "https://registry.npmjs.org/arg/-/arg-4.1.3.tgz",
      "integrity": "sha512-58S9QDqG0Xx27YwPSt9fJxivjYl432YCwfDMfZ+71RAqUrZef7LrKQZ3LHLOwCS4FLNBplP533Zx895SeOCHvA=="
    },
    "node_modules/kafkajs": {
      "version": "1.14.0",
      "resolved": "https://registry.npmjs.org/kafkajs/-/kafkajs-1.14.0.tgz",
      "integrity": "sha512-W+WCekiooY5rJP3Me5N3gWcQ8O6uG6lw0vv9t+sI+WqXKjKwj2+CWIXJy241x+ITE+1M1D19ABSiL2J8lKja5A==",
      "engines": {
        "node": ">=10.13.0"
      }
    }
  },
  "dependencies": {
    "arg": {
      "version": "4.1.3",
      "resolved": "https://registry.npmjs.org/arg/-/arg-4.1.3.tgz",
      "integrity": "sha512-58S9QDqG0Xx27YwPSt9fJxivjYl432YCwfDMfZ+71RAqUrZef7LrKQZ3LHLOwCS4FLNBplP533Zx895SeOCHvA=="
    },
    "kafkajs": {
      "version": "1.14.0",
      "resolved": "https://registry.npmjs.org/kafkajs/-/kafkajs-1.14.0.tgz",
      "integrity": "sha512-W+WCekiooY5rJP3Me5N3gWcQ8O6uG6lw0vv9t+sI+WqXKjKwj2+CWIXJy241x+ITE+1M1D19ABSiL2J8lKja5A=="
    }
  }
}
